
Microsoft Visual Studio Solution File, Format Version 11.00
# Visual Studio 2010
Project("{FAE04EC0-301F-11D3-BF4B-00C04F79EFBC}") = "Assembly-CSharp", "Assembly-CSharp.csproj", "{C088E23B-2A23-2C5E-9B5F-EA43986F2AFD}"
EndProject
Project("{FAE04EC0-301F-11D3-BF4B-00C04F79EFBC}") = "Assembly-CSharp-Editor", "Assembly-CSharp-Editor.csproj", "{A42BCF8B-C09B-1FC2-68D1-24D4ED1DD45C}"
EndProject
Global
	GlobalSection(SolutionConfigurationPlatforms) = preSolution
		Debug|Any CPU = Debug|Any CPU
		Release|Any CPU = Release|Any CPU
	EndGlobalSection
	GlobalSection(ProjectConfigurationPlatforms) = postSolution
		{C088E23B-2A23-2C5E-9B5F-EA43986F2AFD}.Debug|Any CPU.ActiveCfg = Debug|Any CPU
		{C088E23B-2A23-2C5E-9B5F-EA43986F2AFD}.Debug|Any CPU.Build.0 = Debug|Any CPU
		{C088E23B-2A23-2C5E-9B5F-EA43986F2AFD}.Release|Any CPU.ActiveCfg = Release|Any CPU
		{C088E23B-2A23-2C5E-9B5F-EA43986F2AFD}.Release|Any CPU.Build.0 = Release|Any CPU
		{A42BCF8B-C09B-1FC2-68D1-24D4ED1DD45C}.Debug|Any CPU.ActiveCfg = Debug|Any CPU
		{A42BCF8B-C09B-1FC2-68D1-24D4ED1DD45C}.Debug|Any CPU.Build.0 = Debug|Any CPU
		{A42BCF8B-C09B-1FC2-68D1-24D4ED1DD45C}.Release|Any CPU.ActiveCfg = Release|Any CPU
		{A42BCF8B-C09B-1FC2-68D1-24D4ED1DD45C}.Release|Any CPU.Build.0 = Release|Any CPU
	EndGlobalSection
	GlobalSection(SolutionProperties) = preSolution
		HideSolutionNode = FALSE
	EndGlobalSection
EndGlobal
